// !$*UTF8*$!
{
	archiveVersion = 1;
	classes = {
	};
	objectVersion = 46;
	objects = {

/* Begin PBXBuildFile section */
		E21DFAD21D84608A00117EDC /* NetworkController.swift in Sources */ = {isa = PBXBuildFile; fileRef = E21DFAD11D84608A00117EDC /* NetworkController.swift */; };
		E22CDA641D8459BA0087655E /* AppDelegate.swift in Sources */ = {isa = PBXBuildFile; fileRef = E22CDA631D8459BA0087655E /* AppDelegate.swift */; };
		E22CDA661D8459BA0087655E /* ViewController.swift in Sources */ = {isa = PBXBuildFile; fileRef = E22CDA651D8459BA0087655E /* ViewController.swift */; };
		E22CDA691D8459BA0087655E /* Main.storyboard in Resources */ = {isa = PBXBuildFile; fileRef = E22CDA671D8459BA0087655E /* Main.storyboard */; };
		E22CDA6B1D8459BA0087655E /* Assets.xcassets in Resources */ = {isa = PBXBuildFile; fileRef = E22CDA6A1D8459BA0087655E /* Assets.xcassets */; };
		E22CDA6E1D8459BA0087655E /* LaunchScreen.storyboard in Resources */ = {isa = PBXBuildFile; fileRef = E22CDA6C1D8459BA0087655E /* LaunchScreen.storyboard */; };
/* End PBXBuildFile section */

/* Begin PBXFileReference section */
		E21DFAD11D84608A00117EDC /* NetworkController.swift */ = {isa = PBXFileReference; fileEncoding = 4; lastKnownFileType = sourcecode.swift; path = NetworkController.swift; sourceTree = "<group>"; };
		E22CDA601D8459BA0087655E /* MiniBlackJack.app */ = {isa = PBXFileReference; explicitFileType = wrapper.application; includeInIndex = 0; path = MiniBlackJack.app; sourceTree = BUILT_PRODUCTS_DIR; };
		E22CDA631D8459BA0087655E /* AppDelegate.swift */ = {isa = PBXFileReference; lastKnownFileType = sourcecode.swift; path = AppDelegate.swift; sourceTree = "<group>"; };
		E22CDA651D8459BA0087655E /* ViewController.swift */ = {isa = PBXFileReference; lastKnownFileType = sourcecode.swift; path = ViewController.swift; sourceTree = "<group>"; };
		E22CDA681D8459BA0087655E /* Base */ = {isa = PBXFileReference; lastKnownFileType = file.storyboard; name = Base; path = Base.lproj/Main.storyboard; sourceTree = "<group>"; };
		E22CDA6A1D8459BA0087655E /* Assets.xcassets */ = {isa = PBXFileReference; lastKnownFileType = folder.assetcatalog; path = Assets.xcassets; sourceTree = "<group>"; };
		E22CDA6D1D8459BA0087655E /* Base */ = {isa = PBXFileReference; lastKnownFileType = file.storyboard; name = Base; path = Base.lproj/LaunchScreen.storyboard; sourceTree = "<group>"; };
		E22CDA6F1D8459BA0087655E /* Info.plist */ = {isa = PBXFileReference; lastKnownFileType = text.plist.xml; path = Info.plist; sourceTree = "<group>"; };
/* End PBXFileReference section */

/* Begin PBXFrameworksBuildPhase section */
		E22CDA5D1D8459BA0087655E /* Frameworks */ = {
			isa = PBXFrameworksBuildPhase;
			buildActionMask = 2147483647;
			files = (
			);
			runOnlyForDeploymentPostprocessing = 0;
		};
/* End PBXFrameworksBuildPhase section */

/* Begin PBXGroup section */
		E22CDA571D8459BA0087655E = {
			isa = PBXGroup;
			children = (
				E22CDA621D8459BA0087655E /* MiniBlackJack */,
				E22CDA611D8459BA0087655E /* Products */,
			);
			sourceTree = "<group>";
		};
		E22CDA611D8459BA0087655E /* Products */ = {
			isa = PBXGroup;
			children = (
				E22CDA601D8459BA0087655E /* MiniBlackJack.app */,
			);
			name = Products;
			sourceTree = "<group>";
		};
		E22CDA621D8459BA0087655E /* MiniBlackJack */ = {
			isa = PBXGroup;
			children = (
				E22CDA781D845BC70087655E /* Core */,
				E22CDA771D845BAB0087655E /* Model Controllers */,
				E22CDA761D845B970087655E /* View Controllers */,
				E22CDA751D845B8D0087655E /* Model Controllers */,
			);
			path = MiniBlackJack;
			sourceTree = "<group>";
		};
		E22CDA751D845B8D0087655E /* Model Controllers */ = {
			isa = PBXGroup;
			children = (
			);
			name = "Model Controllers";
			sourceTree = "<group>";
		};
		E22CDA761D845B970087655E /* View Controllers */ = {
			isa = PBXGroup;
			children = (
				E22CDA651D8459BA0087655E /* ViewController.swift */,
			);
			name = "View Controllers";
			sourceTree = "<group>";
		};
		E22CDA771D845BAB0087655E /* Model Controllers */ = {
			isa = PBXGroup;
			children = (
				E21DFAD11D84608A00117EDC /* NetworkController.swift */,
			);
			name = "Model Controllers";
			sourceTree = "<group>";
		};
		E22CDA781D845BC70087655E /* Core */ = {
			isa = PBXGroup;
			children = (
				E22CDA6F1D8459BA0087655E /* Info.plist */,
				E22CDA6C1D8459BA0087655E /* LaunchScreen.storyboard */,
				E22CDA6A1D8459BA0087655E /* Assets.xcassets */,
				E22CDA671D8459BA0087655E /* Main.storyboard */,
				E22CDA631D8459BA0087655E /* AppDelegate.swift */,
			);
			name = Core;
			sourceTree = "<group>";
		};
/* End PBXGroup section */

/* Begin PBXNativeTarget section */
		E22CDA5F1D8459BA0087655E /* MiniBlackJack */ = {
			isa = PBXNativeTarget;
			buildConfigurationList = E22CDA721D8459BA0087655E /* Build configuration list for PBXNativeTarget "MiniBlackJack" */;
			buildPhases = (
				E22CDA5C1D8459BA0087655E /* Sources */,
				E22CDA5D1D8459BA0087655E /* Frameworks */,
				E22CDA5E1D8459BA0087655E /* Resources */,
			);
			buildRules = (
			);
			dependencies = (
			);
			name = MiniBlackJack;
			productName = MiniBlackJack;
			productReference = E22CDA601D8459BA0087655E /* MiniBlackJack.app */;
			productType = "com.apple.product-type.application";
		};
/* End PBXNativeTarget section */

/* Begin PBXProject section */
		E22CDA581D8459BA0087655E /* Project object */ = {
			isa = PBXProject;
			attributes = {
				LastSwiftUpdateCheck = 0730;
				LastUpgradeCheck = 0730;
				ORGANIZATIONNAME = "JB Thompson";
				TargetAttributes = {
					E22CDA5F1D8459BA0087655E = {
						CreatedOnToolsVersion = 7.3.1;
					};
				};
			};
			buildConfigurationList = E22CDA5B1D8459BA0087655E /* Build configuration list for PBXProject "MiniBlackJack" */;
			compatibilityVersion = "Xcode 3.2";
			developmentRegion = English;
			hasScannedForEncodings = 0;
			knownRegions = (
				en,
				Base,
			);
			mainGroup = E22CDA571D8459BA0087655E;
			productRefGroup = E22CDA611D8459BA0087655E /* Products */;
			projectDirPath = "";
			projectRoot = "";
			targets = (
				E22CDA5F1D8459BA0087655E /* MiniBlackJack */,
			);
		};
/* End PBXProject section */

/* Begin PBXResourcesBuildPhase section */
		E22CDA5E1D8459BA0087655E /* Resources */ = {
			isa = PBXResourcesBuildPhase;
			buildActionMask = 2147483647;
			files = (
				E22CDA6E1D8459BA0087655E /* LaunchScreen.storyboard in Resources */,
				E22CDA6B1D8459BA0087655E /* Assets.xcassets in Resources */,
				E22CDA691D8459BA0087655E /* Main.storyboard in Resources */,
			);
			runOnlyForDeploymentPostprocessing = 0;
		};
/* End PBXResourcesBuildPhase section */

/* Begin PBXSourcesBuildPhase section */
		E22CDA5C1D8459BA0087655E /* Sources */ = {
			isa = PBXSourcesBuildPhase;
			buildActionMask = 2147483647;
			files = (
				E22CDA661D8459BA0087655E /* ViewController.swift in Sources */,
				E22CDA641D8459BA0087655E /* AppDelegate.swift in Sources */,
				E21DFAD21D84608A00117EDC /* NetworkController.swift in Sources */,
			);
			runOnlyForDeploymentPostprocessing = 0;
		};
/* End PBXSourcesBuildPhase section */

/* Begin PBXVariantGroup section */
		E22CDA671D8459BA0087655E /* Main.storyboard */ = {
			isa = PBXVariantGroup;
			children = (
				E22CDA681D8459BA0087655E /* Base */,
			);
			name = Main.storyboard;
			sourceTree = "<group>";
		};
		E22CDA6C1D8459BA0087655E /* LaunchScreen.storyboard */ = {
			isa = PBXVariantGroup;
			children = (
				E22CDA6D1D8459BA0087655E /* Base */,
			);
			name = LaunchScreen.storyboard;
			sourceTree = "<group>";
		};
/* End PBXVariantGroup section */

/* Begin XCBuildConfiguration section */
		E22CDA701D8459BA0087655E /* Debug */ = {
			isa = XCBuildConfiguration;
			buildSettings = {
				ALWAYS_SEARCH_USER_PATHS = NO;
				CLANG_ANALYZER_NONNULL = YES;
				CLANG_CXX_LANGUAGE_STANDARD = "gnu++0x";
				CLANG_CXX_LIBRARY = "libc++";
				CLANG_ENABLE_MODULES = YES;
				CLANG_ENABLE_OBJC_ARC = YES;
				CLANG_WARN_BOOL_CONVERSION = YES;
				CLANG_WARN_CONSTANT_CONVERSION = YES;
				CLANG_WARN_DIRECT_OBJC_ISA_USAGE = YES_ERROR;
				CLANG_WARN_EMPTY_BODY = YES;
				CLANG_WARN_ENUM_CONVERSION = YES;
				CLANG_WARN_INT_CONVERSION = YES;
				CLANG_WARN_OBJC_ROOT_CLASS = YES_ERROR;
				CLANG_WARN_UNREACHABLE_CODE = YES;
				CLANG_WARN__DUPLICATE_METHOD_MATCH = YES;
				"CODE_SIGN_IDENTITY[sdk=iphoneos*]" = "iPhone Developer";
				COPY_PHASE_STRIP = NO;
				DEBUG_INFORMATION_FORMAT = dwarf;
				ENABLE_STRICT_OBJC_MSGSEND = YES;
				ENABLE_TESTABILITY = YES;
				GCC_C_LANGUAGE_STANDARD = gnu99;
				GCC_DYNAMIC_NO_PIC = NO;
				GCC_NO_COMMON_BLOCKS = YES;
				GCC_OPTIMIZATION_LEVEL = 0;
				GCC_PREPROCESSOR_DEFINITIONS = (
					"DEBUG=1",
					"$(inherited)",
				);
				GCC_WARN_64_TO_32_BIT_CONVERSION = YES;
				GCC_WARN_ABOUT_RETURN_TYPE = YES_ERROR;
				GCC_WARN_UNDECLARED_SELECTOR = YES;
				GCC_WARN_UNINITIALIZED_AUTOS = YES_AGGRESSIVE;
				GCC_WARN_UNUSED_FUNCTION = YES;
				GCC_WARN_UNUSED_VARIABLE = YES;
				IPHONEOS_DEPLOYMENT_TARGET = 9.3;
				MTL_ENABLE_DEBUG_INFO = YES;
				ONLY_ACTIVE_ARCH = YES;
				SDKROOT = iphoneos;
				SWIFT_OPTIMIZATION_LEVEL = "-Onone";
				TARGETED_DEVICE_FAMILY = "1,2";
			};
			name = Debug;
		};
		E22CDA711D8459BA0087655E /* Release */ = {
			isa = XCBuildConfiguration;
			buildSettings = {
				ALWAYS_SEARCH_USER_PATHS = NO;
				CLANG_ANALYZER_NONNULL = YES;
				CLANG_CXX_LANGUAGE_STANDARD = "gnu++0x";
				CLANG_CXX_LIBRARY = "libc++";
				CLANG_ENABLE_MODULES = YES;
				CLANG_ENABLE_OBJC_ARC = YES;
				CLANG_WARN_BOOL_CONVERSION = YES;
				CLANG_WARN_CONSTANT_CONVERSION = YES;
				CLANG_WARN_DIRECT_OBJC_ISA_USAGE = YES_ERROR;
				CLANG_WARN_EMPTY_BODY = YES;
				CLANG_WARN_ENUM_CONVERSION = YES;
				CLANG_WARN_INT_CONVERSION = YES;
				CLANG_WARN_OBJC_ROOT_CLASS = YES_ERROR;
				CLANG_WARN_UNREACHABLE_CODE = YES;
				CLANG_WARN__DUPLICATE_METHOD_MATCH = YES;
				"CODE_SIGN_IDENTITY[sdk=iphoneos*]" = "iPhone Developer";
				COPY_PHASE_STRIP = NO;
				DEBUG_INFORMATION_FORMAT = "dwarf-with-dsym";
				ENABLE_NS_ASSERTIONS = NO;
				ENABLE_STRICT_OBJC_MSGSEND = YES;
				GCC_C_LANGUAGE_STANDARD = gnu99;
				GCC_NO_COMMON_BLOCKS = YES;
				GCC_WARN_64_TO_32_BIT_CONVERSION = YES;
				GCC_WARN_ABOUT_RETURN_TYPE = YES_ERROR;
				GCC_WARN_UNDECLARED_SELECTOR = YES;
				GCC_WARN_UNINITIALIZED_AUTOS = YES_AGGRESSIVE;
				GCC_WARN_UNUSED_FUNCTION = YES;
				GCC_WARN_UNUSED_VARIABLE = YES;
				IPHONEOS_DEPLOYMENT_TARGET = 9.3;
				MTL_ENABLE_DEBUG_INFO = NO;
				SDKROOT = iphoneos;
				TARGETED_DEVICE_FAMILY = "1,2";
				VALIDATE_PRODUCT = YES;
			};
			name = Release;
		};
		E22CDA731D8459BA0087655E /* Debug */ = {
			isa = XCBuildConfiguration;
			buildSettings = {
				ASSETCATALOG_COMPILER_APPICON_NAME = AppIcon;
				INFOPLIST_FILE = MiniBlackJack/Info.plist;
				LD_RUNPATH_SEARCH_PATHS = "$(inherited) @executable_path/Frameworks";
				PRODUCT_BUNDLE_IDENTIFIER = com.jbthompson.MiniBlackJack;
				PRODUCT_NAME = "$(TARGET_NAME)";
			};
			name = Debug;
		};
		E22CDA741D8459BA0087655E /* Release */ = {
			isa = XCBuildConfiguration;
			buildSettings = {
				ASSETCATALOG_COMPILER_APPICON_NAME = AppIcon;
				INFOPLIST_FILE = MiniBlackJack/Info.plist;
				LD_RUNPATH_SEARCH_PATHS = "$(inherited) @executable_path/Frameworks";
				PRODUCT_BUNDLE_IDENTIFIER = com.jbthompson.MiniBlackJack;
				PRODUCT_NAME = "$(TARGET_NAME)";
			};
			name = Release;
		};
/* End XCBuildConfiguration section */

/* Begin XCConfigurationList section */
		E22CDA5B1D8459BA0087655E /* Build configuration list for PBXProject "MiniBlackJack" */ = {
			isa = XCConfigurationList;
			buildConfigurations = (
				E22CDA701D8459BA0087655E /* Debug */,
				E22CDA711D8459BA0087655E /* Release */,
			);
			defaultConfigurationIsVisible = 0;
			defaultConfigurationName = Release;
		};
		E22CDA721D8459BA0087655E /* Build configuration list for PBXNativeTarget "MiniBlackJack" */ = {
			isa = XCConfigurationList;
			buildConfigurations = (
				E22CDA731D8459BA0087655E /* Debug */,
				E22CDA741D8459BA0087655E /* Release */,
			);
			defaultConfigurationIsVisible = 0;
			defaultConfigurationName = Release;
		};
/* End XCConfigurationList section */
	};
	rootObject = E22CDA581D8459BA0087655E /* Project object */;
}
